PODS:
  - Cosmos (23.0.0)
  - lottie-ios (3.1.9)
  - Realm (10.2.0):
    - Realm/Headers (= 10.2.0)
  - Realm/Headers (10.2.0)
  - RealmSwift (10.2.0):
    - Realm (= 10.2.0)

DEPENDENCIES:
  - Cosmos (~> 23.0)
  - lottie-ios
  - RealmSwift

SPEC REPOS:
  trunk:
    - Cosmos
    - lottie-ios
    - Realm
    - RealmSwift

SPEC CHECKSUMS:
  Cosmos: b5c6a9a637e28a061b54c8f8b1d8529d7d4db73f
  lottie-ios: 3a3758ef5a008e762faec9c9d50a39842f26d124
  Realm: d7914ebf66bb182469726f997c4c38eff286aab0
  RealmSwift: aad08b7dc8c732b7b5794286e9df83739bf834f1

PODFILE CHECKSUM: 11421289c65b379f24a4a486ad5f17bdef84e6c2

COCOAPODS: 1.10.0
